[[package]]
name = "black"
version = "22.10.0"
requires_python = ">=3.7"
summary = "The uncompromising code formatter."
dependencies = [
    "click>=8.0.0",
    "mypy-extensions>=0.4.3",
    "pathspec>=0.9.0",
    "platformdirs>=2",
    "tomli>=1.1.0; python_full_version < \"3.11.0a7\"",
    "typing-extensions>=3.10.0.0; python_version < \"3.10\"",
]

[[package]]
name = "click"
version = "8.1.3"
requires_python = ">=3.7"
summary = "Composable command line interface toolkit"
dependencies = [
    "colorama; platform_system == \"Windows\"",
]

[[package]]
name = "colorama"
version = "0.4.6"
requires_python = "!=3.0.*,!=3.1.*,!=3.2.*,!=3.3.*,!=3.4.*,!=3.5.*,!=3.6.*,>=2.7"
summary = "Cross-platform colored terminal text."

[[package]]
name = "flake8"
version = "5.0.4"
requires_python = ">=3.6.1"
summary = "the modular source code checker: pep8 pyflakes and co"
dependencies = [
    "mccabe<0.8.0,>=0.7.0",
    "pycodestyle<2.10.0,>=2.9.0",
    "pyflakes<2.6.0,>=2.5.0",
]

[[package]]
name = "graiax-playwright"
version = "0.2.1"
requires_python = ">=3.8"
summary = "适用于 Graia 的 Playwright 管理器"
dependencies = [
    "launart<0.7.0,>=0.6.1",
    "loguru<1.0.0,>=0.6.0",
    "playwright<2.0.0,>=1.27.1",
    "typing-extensions>=4.4.0",
]

[[package]]
name = "greenlet"
version = "2.0.1"
requires_python = ">=2.7,!=3.0.*,!=3.1.*,!=3.2.*,!=3.3.*,!=3.4.*"
summary = "Lightweight in-process concurrent programming"

[[package]]
name = "isort"
version = "5.10.1"
requires_python = ">=3.6.1,<4.0"
summary = "A Python utility / library to sort Python imports."

[[package]]
name = "launart"
version = "0.6.1"
requires_python = ">=3.8"
summary = "Component lifetime manager for runtime."
dependencies = [
    "loguru>=0.6.0",
    "statv>=0.2.2",
]

[[package]]
name = "linkify-it-py"
version = "1.0.3"
requires_python = ">=3.6"
summary = "Links recognition library with FULL unicode support."
dependencies = [
    "uc-micro-py",
]

[[package]]
name = "loguru"
version = "0.6.0"
requires_python = ">=3.5"
summary = "Python logging made (stupidly) simple"
dependencies = [
    "colorama>=0.3.4; sys_platform == \"win32\"",
    "win32-setctime>=1.0.0; sys_platform == \"win32\"",
]

[[package]]
name = "markdown-it-py"
version = "2.1.0"
requires_python = ">=3.7"
summary = "Python port of markdown-it. Markdown parsing, done right!"
dependencies = [
    "mdurl~=0.1",
]

[[package]]
name = "markdown-it-py"
version = "2.1.0"
extras = ["linkify", "plugins"]
requires_python = ">=3.7"
summary = "Python port of markdown-it. Markdown parsing, done right!"
dependencies = [
    "linkify-it-py~=1.0",
    "markdown-it-py==2.1.0",
    "mdit-py-plugins",
]

[[package]]
name = "mccabe"
version = "0.7.0"
requires_python = ">=3.6"
summary = "McCabe checker, plugin for flake8"

[[package]]
name = "mdit-py-emoji"
version = "0.1.0"
requires_python = ">=3.7"
summary = "Emoji plugin for markdown-it-py."
dependencies = [
    "markdown-it-py<3.0.0,>=1.0.0",
]

[[package]]
name = "mdit-py-plugins"
version = "0.3.1"
requires_python = ">=3.7"
summary = "Collection of plugins for markdown-it-py"
dependencies = [
    "markdown-it-py<3.0.0,>=1.0.0",
]

[[package]]
name = "mdurl"
version = "0.1.2"
requires_python = ">=3.7"
summary = "Markdown URL utilities"

[[package]]
name = "mypy-extensions"
version = "0.4.3"
summary = "Experimental type system extensions for programs checked with the mypy typechecker."

[[package]]
name = "pathspec"
version = "0.10.2"
requires_python = ">=3.7"
summary = "Utility library for gitignore style pattern matching of file paths."

[[package]]
name = "platformdirs"
version = "2.5.4"
requires_python = ">=3.7"
summary = "A small Python package for determining appropriate platform-specific dirs, e.g. a \"user data dir\"."

[[package]]
name = "playwright"
version = "1.28.0"
requires_python = ">=3.7"
summary = "A high-level API to automate web browsers"
dependencies = [
    "greenlet==2.0.1",
    "pyee==9.0.4",
    "typing-extensions; python_version <= \"3.8\"",
]

[[package]]
name = "pycodestyle"
version = "2.9.1"
requires_python = ">=3.6"
summary = "Python style guide checker"

[[package]]
name = "pyee"
version = "9.0.4"
summary = "A port of node.js's EventEmitter to python."
dependencies = [
    "typing-extensions",
]

[[package]]
name = "pyflakes"
version = "2.5.0"
requires_python = ">=3.6"
summary = "passive checker of Python programs"

[[package]]
name = "pygments"
version = "2.13.0"
requires_python = ">=3.6"
summary = "Pygments is a syntax highlighting package written in Python."

[[package]]
name = "statv"
version = "0.3.2"
requires_python = ">=3.8"
summary = "a uniform status implementation for graia project"

[[package]]
name = "tomli"
version = "2.0.1"
requires_python = ">=3.7"
summary = "A lil' TOML parser"

[[package]]
name = "typing-extensions"
version = "4.4.0"
requires_python = ">=3.7"
summary = "Backported and Experimental Type Hints for Python 3.7+"

[[package]]
name = "uc-micro-py"
version = "1.0.1"
requires_python = ">=3.6"
summary = "Micro subset of unicode data files for linkify-it-py projects."

[[package]]
name = "win32-setctime"
version = "1.1.0"
requires_python = ">=3.5"
summary = "A small Python utility to set file creation time on Windows"

[metadata]
lock_version = "4.0"
content_hash = "sha256:d1044e0cd350786d67cb432e156618d8fafaae0fc4a6005fcb2d8a6ebf3e89db"

[metadata.files]
"black 22.10.0" = [
    {url = "https://pypi.tuna.tsinghua.edu.cn/packages/2c/11/f2737cd3b458d91401801e83a014e87c63e8904dc063200f77826c352f54/black-22.10.0-cp310-cp310-macosx_11_0_arm64.whl", hash = "sha256:2039230db3c6c639bd84efe3292ec7b06e9214a2992cd9beb293d639c6402edb"},
    {url = "https://pypi.tuna.tsinghua.edu.cn/packages/3d/c5/b3ab9b563f35fb284d37ab2b14acaed9a27d8cdea9c31364766eb54946a7/black-22.10.0-cp37-cp37m-win_amd64.whl", hash = "sha256:9311e99228ae10023300ecac05be5a296f60d2fd10fff31cf5c1fa4ca4b1988d"},
    {url = "https://pypi.tuna.tsinghua.edu.cn/packages/56/df/913d71817c7034edba25d596c54f782c2f809b6af30367d2f00309e8890a/black-22.10.0-cp311-cp311-win_amd64.whl", hash = "sha256:21199526696b8f09c3997e2b4db8d0b108d801a348414264d2eb8eb2532e540d"},
    {url = "https://pypi.tuna.tsinghua.edu.cn/packages/69/21/846c95710cc6561ba980bd6c72479dbcdde742e927ff5ef7340916d003ac/black-22.10.0-1fixedarch-cp38-cp38-macosx_10_16_x86_64.whl", hash = "sha256:2644b5d63633702bc2c5f3754b1b475378fbbfb481f62319388235d0cd104c2d"},
    {url = "https://pypi.tuna.tsinghua.edu.cn/packages/69/84/903cdf41514088d5a716538cb189c471ab34e56ae9a1c2da6b8bfe8e4dbf/black-22.10.0-cp39-cp39-macosx_11_0_arm64.whl", hash = "sha256:974308c58d057a651d182208a484ce80a26dac0caef2895836a92dd6ebd725e0"},
    {url = "https://pypi.tuna.tsinghua.edu.cn/packages/71/f8/57e47ea67f59613c4368a952062bc3429131249920cffbb8362fd404b733/black-22.10.0-cp38-cp38-macosx_11_0_arm64.whl", hash = "sha256:fba8a281e570adafb79f7755ac8721b6cf1bbf691186a287e990c7929c7692ff"},
    {url = "https://pypi.tuna.tsinghua.edu.cn/packages/86/da/edebcc6c13441d91eff6761e50512bc6d6886a556dc5357b399694122b4f/black-22.10.0-1fixedarch-cp37-cp37m-macosx_10_16_x86_64.whl", hash = "sha256:197df8509263b0b8614e1df1756b1dd41be6738eed2ba9e9769f3880c2b9d7b6"},
    {url = "https://pypi.tuna.tsinghua.edu.cn/packages/91/e6/d9b78987d7d903369ba1a0b795bce4de06f0155be6609f15e8950aef8f7e/black-22.10.0-cp38-cp38-win_amd64.whl", hash = "sha256:444ebfb4e441254e87bad00c661fe32df9969b2bf224373a448d8aca2132b395"},
    {url = "https://pypi.tuna.tsinghua.edu.cn/packages/a3/89/629fca2eea0899c06befaa58dc0f49d56807d454202bb2e54bd0d98c77f3/black-22.10.0.tar.gz", hash = "sha256:f513588da599943e0cde4e32cc9879e825d58720d6557062d1098c5ad80080e1"},
    {url = "https://pypi.tuna.tsinghua.edu.cn/packages/a5/5f/9cfc6dd95965f8df30194472543e6f0515a10d78ea5378426ef1546735c7/black-22.10.0-cp310-cp310-manylinux_2_17_x86_64.manylinux2014_x86_64.whl", hash = "sha256:14ff67aec0a47c424bc99b71005202045dc09270da44a27848d534600ac64fc7"},
    {url = "https://pypi.tuna.tsinghua.edu.cn/packages/a6/84/5c3f3ffc4143fa7e208d745d2239d915e74d3709fdbc64c3e98d3fd27e56/black-22.10.0-1fixedarch-cp311-cp311-macosx_11_0_x86_64.whl", hash = "sha256:5d8f74030e67087b219b032aa33a919fae8806d49c867846bfacde57f43972ef"},
    {url = "https://pypi.tuna.tsinghua.edu.cn/packages/ab/15/61119d166a44699827c112d7c4726421f14323c2cb7aa9f4c26628f237f9/black-22.10.0-cp39-cp39-win_amd64.whl", hash = "sha256:432247333090c8c5366e69627ccb363bc58514ae3e63f7fc75c54b1ea80fa7de"},
    {url = "https://pypi.tuna.tsinghua.edu.cn/packages/ae/49/ea03c318a25be359b8e5178a359d47e2da8f7524e1522c74b8f74c66b6f8/black-22.10.0-1fixedarch-cp310-cp310-macosx_11_0_x86_64.whl", hash = "sha256:5cc42ca67989e9c3cf859e84c2bf014f6633db63d1cbdf8fdb666dcd9e77e3fa"},
    {url = "https://pypi.tuna.tsinghua.edu.cn/packages/b0/9e/fa912c5ae4b8eb6d36982fc8ac2d779cf944dbd7c3c1fe7a28acf462c1ed/black-22.10.0-cp311-cp311-manylinux_2_17_x86_64.manylinux2014_x86_64.whl", hash = "sha256:b8b49776299fece66bffaafe357d929ca9451450f5466e997a7285ab0fe28e3b"},
    {url = "https://pypi.tuna.tsinghua.edu.cn/packages/b9/51/403b0b0eb9fb412ca02b79dc38472469f2f88c9aacc6bb5262143e4ff0bc/black-22.10.0-cp39-cp39-manylinux_2_17_x86_64.manylinux2014_x86_64.whl", hash = "sha256:72ef3925f30e12a184889aac03d77d031056860ccae8a1e519f6cbb742736383"},
    {url = "https://pypi.tuna.tsinghua.edu.cn/packages/ce/6f/74492b8852ee4f2ad2178178f6b65bc8fc80ad539abe56c1c23eab6732e2/black-22.10.0-py3-none-any.whl", hash = "sha256:c957b2b4ea88587b46cf49d1dc17681c1e672864fd7af32fc1e9664d572b3458"},
    {url = "https://pypi.tuna.tsinghua.edu.cn/packages/d0/5a/5f31494e3acbb6319ee60c3a3a09d3e536a3fd2353f76af9cbff799c4999/black-22.10.0-cp38-cp38-manylinux_2_17_x86_64.manylinux2014_x86_64.whl", hash = "sha256:915ace4ff03fdfff953962fa672d44be269deb2eaf88499a0f8805221bc68c87"},
    {url = "https://pypi.tuna.tsinghua.edu.cn/packages/e2/2f/a8406a9e337a213802aa90a3e9fbf90c86f3edce92f527255fd381309b77/black-22.10.0-cp311-cp311-macosx_11_0_arm64.whl", hash = "sha256:5b9b29da4f564ba8787c119f37d174f2b69cdfdf9015b7d8c5c16121ddc054ae"},
    {url = "https://pypi.tuna.tsinghua.edu.cn/packages/e3/b4/9203f1a0c99aa30389b61fa8cb54bc9f4bf16ac3aa74630c6b974ed3f3b0/black-22.10.0-cp37-cp37m-manylinux_2_17_x86_64.manylinux2014_x86_64.whl", hash = "sha256:1e464456d24e23d11fced2bc8c47ef66d471f845c7b7a42f3bd77bf3d1789650"},
    {url = "https://pypi.tuna.tsinghua.edu.cn/packages/f2/23/f4278377cabf882298b4766e977fd04377f288d1ccef706953076a1e0598/black-22.10.0-1fixedarch-cp39-cp39-macosx_11_0_x86_64.whl", hash = "sha256:e41a86c6c650bcecc6633ee3180d80a025db041a8e2398dcc059b3afa8382cd4"},
    {url = "https://pypi.tuna.tsinghua.edu.cn/packages/ff/ce/22281871536b3d79474fd44d48dad48f7cbc5c3982bddf6a7495e7079d00/black-22.10.0-cp310-cp310-win_amd64.whl", hash = "sha256:819dc789f4498ecc91438a7de64427c73b45035e2e3680c92e18795a839ebb66"},
]
"click 8.1.3" = [
    {url = "https://pypi.tuna.tsinghua.edu.cn/packages/59/87/84326af34517fca8c58418d148f2403df25303e02736832403587318e9e8/click-8.1.3.tar.gz", hash = "sha256:7682dc8afb30297001674575ea00d1814d808d6a36af415a82bd481d37ba7b8e"},
    {url = "https://pypi.tuna.tsinghua.edu.cn/packages/c2/f1/df59e28c642d583f7dacffb1e0965d0e00b218e0186d7858ac5233dce840/click-8.1.3-py3-none-any.whl", hash = "sha256:bb4d8133cb15a609f44e8213d9b391b0809795062913b383c62be0ee95b1db48"},
]
"colorama 0.4.6" = [
    {url = "https://pypi.tuna.tsinghua.edu.cn/packages/d1/d6/3965ed04c63042e047cb6a3e6ed1a63a35087b6a609aa3a15ed8ac56c221/colorama-0.4.6-py2.py3-none-any.whl", hash = "sha256:4f1d9991f5acc0ca119f9d443620b77f9d6b33703e51011c16baf57afb285fc6"},
    {url = "https://pypi.tuna.tsinghua.edu.cn/packages/d8/53/6f443c9a4a8358a93a6792e2acffb9d9d5cb0a5cfd8802644b7b1c9a02e4/colorama-0.4.6.tar.gz", hash = "sha256:08695f5cb7ed6e0531a20572697297273c47b8cae5a63ffc6d6ed5c201be6e44"},
]
"flake8 5.0.4" = [
    {url = "https://pypi.tuna.tsinghua.edu.cn/packages/ad/00/9808c62b2d529cefc69ce4e4a1ea42c0f855effa55817b7327ec5b75e60a/flake8-5.0.4.tar.gz", hash = "sha256:6fbe320aad8d6b95cec8b8e47bc933004678dc63095be98528b7bdd2a9f510db"},
    {url = "https://pypi.tuna.tsinghua.edu.cn/packages/cf/a0/b881b63a17a59d9d07f5c0cc91a29182c8e8a9aa2bde5b3b2b16519c02f4/flake8-5.0.4-py2.py3-none-any.whl", hash = "sha256:7a1cf6b73744f5806ab95e526f6f0d8c01c66d7bbe349562d22dfca20610b248"},
]
"graiax-playwright 0.2.1" = [
    {url = "https://pypi.tuna.tsinghua.edu.cn/packages/c4/e6/c23c7e1aab809d408052c557406fc16c43f8ce2de7ed888cf4691ea70263/graiax_playwright-0.2.1-py3-none-any.whl", hash = "sha256:cc76116b52dc92dbef8cefdaa3e067b6c4f70d93e6bd2e8387b2283212f8302a"},
    {url = "https://pypi.tuna.tsinghua.edu.cn/packages/ec/74/5b33d7c4993cfd76d5543cb0cc8bb4418bf21cd10285706e0d34ea0f6046/graiax-playwright-0.2.1.tar.gz", hash = "sha256:1dc6f14c1bb44edb52e0f002976780d5d92cab71e122ede278c1200dc0a0535d"},
]
"greenlet 2.0.1" = [
    {url = "https://pypi.tuna.tsinghua.edu.cn/packages/00/0b/5a6cbd757eeb53c4adb3a5037b3e0474a548838d699034982984c9409440/greenlet-2.0.1-cp311-cp311-macosx_10_9_universal2.whl", hash = "sha256:9e112e03d37987d7b90c1e98ba5e1b59e1645226d78d73282f45b326f7bddcb9"},
    {url = "https://pypi.tuna.tsinghua.edu.cn/packages/01/ee/90c95aa12243d93b7b88c4dda580c728ce384a6becb793a57438d01e7ac6/greenlet-2.0.1-cp37-cp37m-musllinux_1_1_aarch64.whl", hash = "sha256:0459d94f73265744fee4c2d5ec44c6f34aa8a31017e6e9de770f7bcf29710be9"},
    {url = "https://pypi.tuna.tsinghua.edu.cn/packages/02/a0/3977da8e4d21f37e93b803078cb27e026714161977d8997ba9169913b0b1/greenlet-2.0.1-cp27-cp27m-win_amd64.whl", hash = "sha256:3001d00eba6bbf084ae60ec7f4bb8ed375748f53aeaefaf2a37d9f0370558524"},
    {url = "https://pypi.tuna.tsinghua.edu.cn/packages/0a/77/837fb1e3218d1fc539268ae7e558d53d9eca5cbbf102abf6f5752380fbeb/greenlet-2.0.1-cp38-cp38-macosx_10_15_x86_64.whl", hash = "sha256:cd4ccc364cf75d1422e66e247e52a93da6a9b73cefa8cad696f3cbbb75af179d"},
    {url = "https://pypi.tuna.tsinghua.edu.cn/packages/0c/29/d6dcf7061d3cab9471ae0576066a40aedcbbb9f9741b52a5f35252ec6f17/greenlet-2.0.1-cp37-cp37m-manylinux_2_17_aarch64.manylinux2014_aarch64.whl", hash = "sha256:d5b0ff9878333823226d270417f24f4d06f235cb3e54d1103b71ea537a6a86ce"},
    {url = "https://pypi.tuna.tsinghua.edu.cn/packages/13/76/59877e19553c9b0a9b8ade7a4548e39755e678c69d161ce4fb5b20f55338/greenlet-2.0.1-cp38-cp38-musllinux_1_1_x86_64.whl", hash = "sha256:0109af1138afbfb8ae647e31a2b1ab030f58b21dd8528c27beaeb0093b7938a9"},
    {url = "https://pypi.tuna.tsinghua.edu.cn/packages/14/9a/6779fca2a4961efe49e12ed4352334cedb67750dd741f5eb13aec1895844/greenlet-2.0.1-cp36-cp36m-manylinux_2_17_x86_64.manylinux2014_x86_64.whl", hash = "sha256:a4c0757db9bd08470ff8277791795e70d0bf035a011a528ee9a5ce9454b6cba2"},
    {url = "https://pypi.tuna.tsinghua.edu.cn/packages/17/ef/264b22b4e88cb90400543bc653eea1aa1b93bdc1bf584429d43b87062b81/greenlet-2.0.1-cp39-cp39-musllinux_1_1_x86_64.whl", hash = "sha256:41b825d65f31e394b523c84db84f9383a2f7eefc13d987f308f4663794d2687e"},
    {url = "https://pypi.tuna.tsinghua.edu.cn/packages/1a/ed/72998fb3609f6c4b0817df32e2b98a88bb8510613d12d495bbab8534ebd0/greenlet-2.0.1-cp37-cp37m-manylinux_2_17_x86_64.manylinux2014_x86_64.whl", hash = "sha256:0b493db84d124805865adc587532ebad30efa68f79ad68f11b336e0a51ec86c2"},
    {url = "https://pypi.tuna.tsinghua.edu.cn/packages/1c/e2/4ebd0108dfb738c9e00a2f010a53329b3fdac4e6c327cfbb0dee5f33682e/greenlet-2.0.1-cp38-cp38-manylinux2010_x86_64.whl", hash = "sha256:4c8b1c43e75c42a6cafcc71defa9e01ead39ae80bd733a2608b297412beede68"},
    {url = "https://pypi.tuna.tsinghua.edu.cn/packages/26/ac/a20b569931f6299095bf1a0be53c9b705d9093318a7bc89c0151db5d8aab/greenlet-2.0.1-cp27-cp27mu-manylinux2010_x86_64.whl", hash = "sha256:d566b82e92ff2e09dd6342df7e0eb4ff6275a3f08db284888dcd98134dbd4243"},
    {url = "https://pypi.tuna.tsinghua.edu.cn/packages/30/0f/da31725f79c0ec26bebe5f3eee3ef8434466910b6880e48045a47bcedc3b/greenlet-2.0.1-cp39-cp39-manylinux_2_17_ppc64le.manylinux2014_ppc64le.whl", hash = "sha256:cce1e90dd302f45716a7715517c6aa0468af0bf38e814ad4eab58e88fc09f7f7"},
    {url = "https://pypi.tuna.tsinghua.edu.cn/packages/37/d4/016401b6f9c282e681e0660f43a84ef6b9ff75c3339a740fb938f0e51a4a/greenlet-2.0.1-cp36-cp36m-manylinux_2_17_ppc64le.manylinux2014_ppc64le.whl", hash = "sha256:8dca09dedf1bd8684767bc736cc20c97c29bc0c04c413e3276e0962cd7aeb148"},
    {url = "https://pypi.tuna.tsinghua.edu.cn/packages/3b/13/e9ca546921df9887f46c25c72fd4a1e0f7293821a803bb25f986c9f96f53/greenlet-2.0.1-cp311-cp311-musllinux_1_1_x86_64.whl", hash = "sha256:13ebf93c343dd8bd010cd98e617cb4c1c1f352a0cf2524c82d3814154116aa82"},
    {url = "https://pypi.tuna.tsinghua.edu.cn/packages/3b/c4/01247dcd15d3f9919760bc8c0846f97020e5bacc35b7899cf5cb02313a16/greenlet-2.0.1-cp310-cp310-macosx_10_15_x86_64.whl", hash = "sha256:0722c9be0797f544a3ed212569ca3fe3d9d1a1b13942d10dd6f0e8601e484d26"},
    {url = "https://pypi.tuna.tsinghua.edu.cn/packages/40/37/c371ad2720b00869937a159a93f8711338eabb9af618db6f5d4836fe2e0a/greenlet-2.0.1-cp27-cp27m-win32.whl", hash = "sha256:1407fe45246632d0ffb7a3f4a520ba4e6051fc2cbd61ba1f806900c27f47706a"},
    {url = "https://pypi.tuna.tsinghua.edu.cn/packages/44/8b/f1938147df360b4fcfe3efd4dd06d12d7509bddac391b1ceb419c8ebca53/greenlet-2.0.1-cp311-cp311-musllinux_1_1_aarch64.whl", hash = "sha256:9f2c221eecb7ead00b8e3ddb913c67f75cba078fd1d326053225a3f59d850d72"},
    {url = "https://pypi.tuna.tsinghua.edu.cn/packages/48/dc/ffd65707d554f34862e42b62a0d1b2d826ba417bbb17d5f832cd92ccdcda/greenlet-2.0.1-cp37-cp37m-win32.whl", hash = "sha256:ea688d11707d30e212e0110a1aac7f7f3f542a259235d396f88be68b649e47d1"},
    {url = "https://pypi.tuna.tsinghua.edu.cn/packages/4a/6b/f099c2aa8928bcb7bcd14c12ebd4fd63df4ed4ea825012bf7546339d9b4b/greenlet-2.0.1-cp39-cp39-manylinux_2_17_x86_64.manylinux2014_x86_64.whl", hash = "sha256:9e9744c657d896c7b580455e739899e492a4a452e2dd4d2b3e459f6b244a638d"},
    {url = "https://pypi.tuna.tsinghua.edu.cn/packages/56/fd/756f7f78ba8f307ac90a7883f426aa564eac4e38d6cc53c11cf72879648b/greenlet-2.0.1-cp38-cp38-manylinux_2_17_x86_64.manylinux2014_x86_64.whl", hash = "sha256:811e1d37d60b47cb8126e0a929b58c046251f28117cb16fcd371eed61f66b764"},
    {url = "https://pypi.tuna.tsinghua.edu.cn/packages/57/bd/28bafd6620cb81cb031abb8c9468f253e8cf4b81345e761e90c213e141cb/greenlet-2.0.1-cp27-cp27m-macosx_10_14_x86_64.whl", hash = "sha256:9ed358312e63bf683b9ef22c8e442ef6c5c02973f0c2a939ec1d7b50c974015c"},
    {url = "https://pypi.tuna.tsinghua.edu.cn/packages/61/38/791c5ca51a9773a5a999feec5abbef4dd4067cddd504125e6266690a0ad8/greenlet-2.0.1-cp36-cp36m-manylinux_2_17_aarch64.manylinux2014_aarch64.whl", hash = "sha256:974a39bdb8c90a85982cdb78a103a32e0b1be986d411303064b28a80611f6e51"},
    {url = "https://pypi.tuna.tsinghua.edu.cn/packages/62/4b/fd139b1a6afba8be9f8c1e06acf0ac35e3cc1ad70795edce8f9587eb54d6/greenlet-2.0.1-cp35-cp35m-win32.whl", hash = "sha256:81b0ea3715bf6a848d6f7149d25bf018fd24554a4be01fcbbe3fdc78e890b955"},
    {url = "https://pypi.tuna.tsinghua.edu.cn/packages/63/62/26fe837a910eadb48973458641f2d084967dbfdf000a7fefbb89bef8a753/greenlet-2.0.1-cp310-cp310-manylinux_2_17_ppc64le.manylinux2014_ppc64le.whl", hash = "sha256:be35822f35f99dcc48152c9839d0171a06186f2d71ef76dc57fa556cc9bf6b45"},
    {url = "https://pypi.tuna.tsinghua.edu.cn/packages/64/0b/a067f0c78e85abb8356231095735dc0b975efdc8ecc3934b788240bc2eaf/greenlet-2.0.1-cp37-cp37m-macosx_10_15_x86_64.whl", hash = "sha256:cb242fc2cda5a307a7698c93173d3627a2a90d00507bccf5bc228851e8304963"},
    {url = "https://pypi.tuna.tsinghua.edu.cn/packages/65/64/2a21081db4a2952a6122c6efaca67c9331dac4b1cd30d862e096f023da59/greenlet-2.0.1-cp36-cp36m-win_amd64.whl", hash = "sha256:097e3dae69321e9100202fc62977f687454cd0ea147d0fd5a766e57450c569fd"},
    {url = "https://pypi.tuna.tsinghua.edu.cn/packages/72/07/51644335b344e1295fd7af13eb9a00b16237aea78c96fe5b5b2df1803a71/greenlet-2.0.1-cp38-cp38-manylinux_2_17_ppc64le.manylinux2014_ppc64le.whl", hash = "sha256:356e4519d4dfa766d50ecc498544b44c0249b6de66426041d7f8b751de4d6b48"},
    {url = "https://pypi.tuna.tsinghua.edu.cn/packages/72/af/209920ea4a19a74b7638886b180e3144670fd14aec0b3a2a0da90587a67b/greenlet-2.0.1-cp37-cp37m-manylinux_2_17_ppc64le.manylinux2014_ppc64le.whl", hash = "sha256:be9e0fb2ada7e5124f5282d6381903183ecc73ea019568d6d63d33f25b2a9000"},
    {url = "https://pypi.tuna.tsinghua.edu.cn/packages/75/ef/db6e0c16df3972f90614bd5ceb969d918a8c53ce4675f75cc641b2ad20ab/greenlet-2.0.1-cp39-cp39-win_amd64.whl", hash = "sha256:b23d2a46d53210b498e5b701a1913697671988f4bf8e10f935433f6e7c332fb6"},
    {url = "https://pypi.tuna.tsinghua.edu.cn/packages/78/96/86b6f5d21aa23fcd28987521ff1d71424e891c79b1a1af8ef991c9082b65/greenlet-2.0.1-cp39-cp39-manylinux_2_17_aarch64.manylinux2014_aarch64.whl", hash = "sha256:505138d4fa69462447a562a7c2ef723c6025ba12ac04478bc1ce2fcc279a2db5"},
    {url = "https://pypi.tuna.tsinghua.edu.cn/packages/79/88/843935bbb56e51642fb92a6a91f07a359b95bbf72bb0b21515b62ab212d8/greenlet-2.0.1-cp39-cp39-musllinux_1_1_aarch64.whl", hash = "sha256:662e8f7cad915ba75d8017b3e601afc01ef20deeeabf281bd00369de196d7726"},
    {url = "https://pypi.tuna.tsinghua.edu.cn/packages/7d/2e/316dd548499c8c1d0adb516bff06ec093a68024942f113ac6c794da09c7b/greenlet-2.0.1-cp39-cp39-macosx_10_15_x86_64.whl", hash = "sha256:b1992ba9d4780d9af9726bbcef6a1db12d9ab1ccc35e5773685a24b7fb2758eb"},
    {url = "https://pypi.tuna.tsinghua.edu.cn/packages/7d/7e/da3fd28de12c39804a8797a7dff089de0dd9a7d267b5de42fe029a308469/greenlet-2.0.1-cp35-cp35m-manylinux2010_x86_64.whl", hash = "sha256:f6327b6907b4cb72f650a5b7b1be23a2aab395017aa6f1adb13069d66360eb3f"},
    {url = "https://pypi.tuna.tsinghua.edu.cn/packages/80/2c/7080f662dfe235e574826c144a48859e9a1588f1ba2bb65e297cc094f66b/greenlet-2.0.1-cp37-cp37m-musllinux_1_1_x86_64.whl", hash = "sha256:a20d33124935d27b80e6fdacbd34205732660e0a1d35d8b10b3328179a2b51a1"},
    {url = "https://pypi.tuna.tsinghua.edu.cn/packages/82/99/ec66a82aa3b6da6df577bdb8448a856f703f163ac920918ed785ca1a07ea/greenlet-2.0.1-cp37-cp37m-manylinux2010_x86_64.whl", hash = "sha256:72b00a8e7c25dcea5946692a2485b1a0c0661ed93ecfedfa9b6687bd89a24ef5"},
    {url = "https://pypi.tuna.tsinghua.edu.cn/packages/88/27/24bb86495d9ef39122229b2ac5c2c338f14334f69305e2ce51855b234c71/greenlet-2.0.1-cp38-cp38-win_amd64.whl", hash = "sha256:d6ee1aa7ab36475035eb48c01efae87d37936a8173fc4d7b10bb02c2d75dd8f6"},
    {url = "https://pypi.tuna.tsinghua.edu.cn/packages/8c/c5/ccdd89c89eb4bdf54f891deaafa57201f1d8fe8960e30b15869199470593/greenlet-2.0.1-cp36-cp36m-win32.whl", hash = "sha256:3d75b8d013086b08e801fbbb896f7d5c9e6ccd44f13a9241d2bf7c0df9eda928"},
    {url = "https://pypi.tuna.tsinghua.edu.cn/packages/8d/34/bcd0848d4f748831058aabf76749f5979bc3c656770be511a11cbd58da4f/greenlet-2.0.1-cp310-cp310-musllinux_1_1_x86_64.whl", hash = "sha256:fb412b7db83fe56847df9c47b6fe3f13911b06339c2aa02dcc09dce8bbf582cd"},
    {url = "https://pypi.tuna.tsinghua.edu.cn/packages/90/bf/2f12be708384ab7ba9755819ce31afdd281a0d511407223c34bc9c3c0fad/greenlet-2.0.1-cp38-cp38-musllinux_1_1_aarch64.whl", hash = "sha256:d38ffd0e81ba8ef347d2be0772e899c289b59ff150ebbbbe05dc61b1246eb4e0"},
    {url = "https://pypi.tuna.tsinghua.edu.cn/packages/93/45/d8990ab748feec26be644761862e22a138b4f4a287a665ecad0219c9ba71/greenlet-2.0.1-cp311-cp311-manylinux_2_17_x86_64.manylinux2014_x86_64.whl", hash = "sha256:1bf633a50cc93ed17e494015897361010fc08700d92676c87931d3ea464123ce"},
    {url = "https://pypi.tuna.tsinghua.edu.cn/packages/95/a4/d89fd972a69454f0cfd67192d3fdbf82d9b9a9271c30c76ea4e0e57ad745/greenlet-2.0.1-cp37-cp37m-win_amd64.whl", hash = "sha256:afe07421c969e259e9403c3bb658968702bc3b78ec0b6fde3ae1e73440529c23"},
    {url = "https://pypi.tuna.tsinghua.edu.cn/packages/9a/b5/d5bc7914e8a2cee35d54eb2f8a70536c4cd1cbb66b0892ac9cff2777c955/greenlet-2.0.1-cp38-cp38-win32.whl", hash = "sha256:88c8d517e78acdf7df8a2134a3c4b964415b575d2840a2746ddb1cc6175f8608"},
    {url = "https://pypi.tuna.tsinghua.edu.cn/packages/a4/12/fb767fec85b9cefe7110428191cd6a74d22a1dcf563f955444f11855a1b7/greenlet-2.0.1-cp311-cp311-manylinux_2_17_aarch64.manylinux2014_aarch64.whl", hash = "sha256:56961cfca7da2fdd178f95ca407fa330c64f33289e1804b592a77d5593d9bd94"},
    {url = "https://pypi.tuna.tsinghua.edu.cn/packages/ab/63/7051c4702001be50f6fff239ea208bf0eae2148e206395fa2865c2da721a/greenlet-2.0.1-cp38-cp38-manylinux_2_17_aarch64.manylinux2014_aarch64.whl", hash = "sha256:659f167f419a4609bc0516fb18ea69ed39dbb25594934bd2dd4d0401660e8a1e"},
    {url = "https://pypi.tuna.tsinghua.edu.cn/packages/b5/c5/827149685292c53e5da546351e4f40f5a8513f200d920ae80423963dadef/greenlet-2.0.1-cp310-cp310-manylinux_2_17_aarch64.manylinux2014_aarch64.whl", hash = "sha256:4d37990425b4687ade27810e3b1a1c37825d242ebc275066cfee8cb6b8829ccd"},
    {url = "https://pypi.tuna.tsinghua.edu.cn/packages/b7/52/51b365ec7123a10a76f5d0cc7fc812f14e22b7823d49b816e1f55785d648/greenlet-2.0.1-cp310-cp310-win_amd64.whl", hash = "sha256:c6a08799e9e88052221adca55741bf106ec7ea0710bca635c208b751f0d5b617"},
    {url = "https://pypi.tuna.tsinghua.edu.cn/packages/b8/0a/199f646c0a525a5d1ea396efa0db82caaef895a51d9cfb83b5447efac285/greenlet-2.0.1-cp39-cp39-manylinux2010_x86_64.whl", hash = "sha256:b5e83e4de81dcc9425598d9469a624826a0b1211380ac444c7c791d4a2137c19"},
    {url = "https://pypi.tuna.tsinghua.edu.cn/packages/bc/29/71f9b473bde6164d75eec241fde77d31ad04b58ae286068ff805199e14ac/greenlet-2.0.1-cp35-cp35m-win_amd64.whl", hash = "sha256:38255a3f1e8942573b067510f9611fc9e38196077b0c8eb7a8c795e105f9ce77"},
    {url = "https://pypi.tuna.tsinghua.edu.cn/packages/bd/c0/5b88c82604aa11272b27da3fbc9328438ff68bb25e4c1591e065308826d2/greenlet-2.0.1-cp311-cp311-win_amd64.whl", hash = "sha256:6f61d71bbc9b4a3de768371b210d906726535d6ca43506737682caa754b956cd"},
    {url = "https://pypi.tuna.tsinghua.edu.cn/packages/bf/b3/5805253348519f06b23a1682cb03fa4c9311eabaf4df40f397a45105e391/greenlet-2.0.1-cp39-cp39-win32.whl", hash = "sha256:db38f80540083ea33bdab614a9d28bcec4b54daa5aff1668d7827a9fc769ae0a"},
    {url = "https://pypi.tuna.tsinghua.edu.cn/packages/c4/b8/cf300eb2b06084ed642855379ccd2ac50627954ee0d9ba2f4c1bd73027bb/greenlet-2.0.1-cp27-cp27m-manylinux2010_x86_64.whl", hash = "sha256:4f09b0010e55bec3239278f642a8a506b91034f03a4fb28289a7d448a67f1515"},
    {url = "https://pypi.tuna.tsinghua.edu.cn/packages/c8/61/512afbd6cd0472b5361bcb4999bc3db472eadd377e64218596b9d061c6c5/greenlet-2.0.1-cp36-cp36m-musllinux_1_1_x86_64.whl", hash = "sha256:5a8e05057fab2a365c81abc696cb753da7549d20266e8511eb6c9d9f72fe3e92"},
    {url = "https://pypi.tuna.tsinghua.edu.cn/packages/cb/ea/ae12dab020482e09ee71e0428b5bde522ffdade92ad04065ed7376a024b4/greenlet-2.0.1-cp311-cp311-manylinux_2_17_ppc64le.manylinux2014_ppc64le.whl", hash = "sha256:13ba6e8e326e2116c954074c994da14954982ba2795aebb881c07ac5d093a58a"},
    {url = "https://pypi.tuna.tsinghua.edu.cn/packages/dc/59/e1df96dc26b207171c89bd486caeeb891c9aa1d5c0be9a859b0eead5239f/greenlet-2.0.1-cp36-cp36m-manylinux2010_x86_64.whl", hash = "sha256:4aeaebcd91d9fee9aa768c1b39cb12214b30bf36d2b7370505a9f2165fedd8d9"},
    {url = "https://pypi.tuna.tsinghua.edu.cn/packages/dc/b7/3c347dfcbd9b1976890b71e88c9e8972378af4f724b7595b3adf3e861a4f/greenlet-2.0.1-cp36-cp36m-macosx_10_14_x86_64.whl", hash = "sha256:04957dc96669be041e0c260964cfef4c77287f07c40452e61abe19d647505581"},
    {url = "https://pypi.tuna.tsinghua.edu.cn/packages/dd/5e/7309beef044bb4ceb0f052dc3797678a5f4eb6d07789787b2e4a15803b7a/greenlet-2.0.1-cp310-cp310-manylinux_2_17_x86_64.manylinux2014_x86_64.whl", hash = "sha256:c140e7eb5ce47249668056edf3b7e9900c6a2e22fb0eaf0513f18a1b2c14e1da"},
    {url = "https://pypi.tuna.tsinghua.edu.cn/packages/e1/1f/b5b8099362fd1c4a45a1763981a2c8885344d19952970bebefa2b73edc0d/greenlet-2.0.1-cp310-cp310-musllinux_1_1_aarch64.whl", hash = "sha256:d21681f09e297a5adaa73060737e3aa1279a13ecdcfcc6ef66c292cb25125b2d"},
    {url = "https://pypi.tuna.tsinghua.edu.cn/packages/e9/f3/d020c777e22c284199b6771c71907c923d9c2cf84bca8612077333d3ded6/greenlet-2.0.1-cp35-cp35m-macosx_10_14_x86_64.whl", hash = "sha256:2d0bac0385d2b43a7bd1d651621a4e0f1380abc63d6fb1012213a401cbd5bf8f"},
    {url = "https://pypi.tuna.tsinghua.edu.cn/packages/fd/6a/f07b0028baff9bca61ecfcd9ee021e7e33369da8094f00eff409f2ff32be/greenlet-2.0.1.tar.gz", hash = "sha256:42e602564460da0e8ee67cb6d7236363ee5e131aa15943b6670e44e5c2ed0f67"},
    {url = "https://pypi.tuna.tsinghua.edu.cn/packages/ff/ab/31c5327752c3381a9d3b2599245f4c2c21e9f3c73039fa4f34725562a7dd/greenlet-2.0.1-cp36-cp36m-musllinux_1_1_aarch64.whl", hash = "sha256:5067920de254f1a2dee8d3d9d7e4e03718e8fd2d2d9db962c8c9fa781ae82a39"},
]
"isort 5.10.1" = [
    {url = "https://pypi.tuna.tsinghua.edu.cn/packages/ab/e9/964cb0b2eedd80c92f5172f1f8ae0443781a9d461c1372a3ce5762489593/isort-5.10.1.tar.gz", hash = "sha256:e8443a5e7a020e9d7f97f1d7d9cd17c88bcb3bc7e218bf9cf5095fe550be2951"},
    {url = "https://pypi.tuna.tsinghua.edu.cn/packages/b8/5b/f18e227df38b94b4ee30d2502fd531bebac23946a2497e5595067a561274/isort-5.10.1-py3-none-any.whl", hash = "sha256:6f62d78e2f89b4500b080fe3a81690850cd254227f27f75c3a0c491a1f351ba7"},
]
"launart 0.6.1" = [
    {url = "https://pypi.tuna.tsinghua.edu.cn/packages/14/47/33a21e34b66f36b51a02bb550f039b6278fa84fcf2fb5e53cf1a98218a68/launart-0.6.1.tar.gz", hash = "sha256:630d5582c3f5e7b68df0b2bde46f5bdfef69557fdade2af8414172e4c862dd15"},
    {url = "https://pypi.tuna.tsinghua.edu.cn/packages/88/87/639dd473934384dff27b95508accab7dd302d63f4eaf1f48822176294e40/launart-0.6.1-py3-none-any.whl", hash = "sha256:515ccadb1aa2c0ff5647bad10bd4dab53913edbe63eb0f550a80bbe723b31658"},
]
"linkify-it-py 1.0.3" = [
    {url = "https://pypi.tuna.tsinghua.edu.cn/packages/37/46/8688fd6f339593836ad08b577b67896cb0567924867bd03fc883582fec16/linkify-it-py-1.0.3.tar.gz", hash = "sha256:2b3f168d5ce75e3a425e34b341a6b73e116b5d9ed8dbbbf5dc7456843b7ce2ee"},
    {url = "https://pypi.tuna.tsinghua.edu.cn/packages/ff/f1/74e54ab5ae6aa1d3b6dc5de56fecf57fe4873d8f6b2a72a1269dbedd111b/linkify_it_py-1.0.3-py3-none-any.whl", hash = "sha256:11e29f00150cddaa8f434153f103c14716e7e097a8fd372d9eb1ed06ed91524d"},
]
"loguru 0.6.0" = [
    {url = "https://pypi.tuna.tsinghua.edu.cn/packages/75/1f/d3818863e4be96bd641c4643c535a98f0fa2a12efa7c8ba35f763fa778ee/loguru-0.6.0.tar.gz", hash = "sha256:066bd06758d0a513e9836fd9c6b5a75bfb3fd36841f4b996bc60b547a309d41c"},
    {url = "https://pypi.tuna.tsinghua.edu.cn/packages/fe/21/e1d1da2586865a159fc73b611f36bdd50b6c4043cb6132d3d5e972988028/loguru-0.6.0-py3-none-any.whl", hash = "sha256:4e2414d534a2ab57573365b3e6d0234dfb1d84b68b7f3b948e6fb743860a77c3"},
]
"markdown-it-py 2.1.0" = [
    {url = "https://pypi.tuna.tsinghua.edu.cn/packages/33/e9/ac8a93e9eda3891ecdfecf5e01c060bbd2c44d4e3e77efc83b9c7ce9db32/markdown-it-py-2.1.0.tar.gz", hash = "sha256:cf7e59fed14b5ae17c0006eff14a2d9a00ed5f3a846148153899a0224e2c07da"},
    {url = "https://pypi.tuna.tsinghua.edu.cn/packages/f9/3f/ecd1b708973b9a3e4574b43cffc1ce8eb98696da34f1a1c44a68c3c0d737/markdown_it_py-2.1.0-py3-none-any.whl", hash = "sha256:93de681e5c021a432c63147656fe21790bc01231e0cd2da73626f1aa3ac0fe27"},
]
"mccabe 0.7.0" = [
    {url = "https://pypi.tuna.tsinghua.edu.cn/packages/27/1a/1f68f9ba0c207934b35b86a8ca3aad8395a3d6dd7921c0686e23853ff5a9/mccabe-0.7.0-py2.py3-none-any.whl", hash = "sha256:6c2d30ab6be0e4a46919781807b4f0d834ebdd6c6e3dca0bda5a15f863427b6e"},
    {url = "https://pypi.tuna.tsinghua.edu.cn/packages/e7/ff/0ffefdcac38932a54d2b5eed4e0ba8a408f215002cd178ad1df0f2806ff8/mccabe-0.7.0.tar.gz", hash = "sha256:348e0240c33b60bbdf4e523192ef919f28cb2c3d7d5c7794f74009290f236325"},
]
"mdit-py-emoji 0.1.0" = [
    {url = "https://pypi.tuna.tsinghua.edu.cn/packages/89/00/54d1204f480eeaa43885a1ef83246d877b7bbd8cf7955af2c8731a280bb8/mdit_py_emoji-0.1.0-py3-none-any.whl", hash = "sha256:64f94402a596759aadaf3cb5ab5dba1e7a27f76b53702377869fb617b818d1e3"},
    {url = "https://pypi.tuna.tsinghua.edu.cn/packages/d2/0f/ec00dfc04e7802f44fbed3741c3e763e127029d69e69fbbe9ba4e9d20465/mdit-py-emoji-0.1.0.tar.gz", hash = "sha256:96778e7cfc5c22c4029a03068f85d904867b670866721fc9c45b65fe8ecc02a4"},
]
"mdit-py-plugins 0.3.1" = [
    {url = "https://pypi.tuna.tsinghua.edu.cn/packages/5f/53/f89a5e343bd9fc1f44efd25b53530d1044e9fe78dc451aca25f75b69df0d/mdit-py-plugins-0.3.1.tar.gz", hash = "sha256:3fc13298497d6e04fe96efdd41281bfe7622152f9caa1815ea99b5c893de9441"},
    {url = "https://pypi.tuna.tsinghua.edu.cn/packages/de/d9/20870f611989b8dcfd2395eddefdd4b1983d6c36513cce7fbbe9eb345768/mdit_py_plugins-0.3.1-py3-none-any.whl", hash = "sha256:606a7f29cf56dbdfaf914acb21709b8f8ee29d857e8f29dcc33d8cb84c57bfa1"},
]
"mdurl 0.1.2" = [
    {url = "https://pypi.tuna.tsinghua.edu.cn/packages/b3/38/89ba8ad64ae25be8de66a6d463314cf1eb366222074cfda9ee839c56a4b4/mdurl-0.1.2-py3-none-any.whl", hash = "sha256:84008a41e51615a49fc9966191ff91509e3c40b939176e643fd50a5c2196b8f8"},
    {url = "https://pypi.tuna.tsinghua.edu.cn/packages/d6/54/cfe61301667036ec958cb99bd3efefba235e65cdeb9c84d24a8293ba1d90/mdurl-0.1.2.tar.gz", hash = "sha256:bb413d29f5eea38f31dd4754dd7377d4465116fb207585f97bf925588687c1ba"},
]
"mypy-extensions 0.4.3" = [
    {url = "https://pypi.tuna.tsinghua.edu.cn/packages/5c/eb/975c7c080f3223a5cdaff09612f3a5221e4ba534f7039db34c35d95fa6a5/mypy_extensions-0.4.3-py2.py3-none-any.whl", hash = "sha256:090fedd75945a69ae91ce1303b5824f428daf5a028d2f6ab8a299250a846f15d"},
    {url = "https://pypi.tuna.tsinghua.edu.cn/packages/63/60/0582ce2eaced55f65a4406fc97beba256de4b7a95a0034c6576458c6519f/mypy_extensions-0.4.3.tar.gz", hash = "sha256:2d82818f5bb3e369420cb3c4060a7970edba416647068eb4c5343488a6c604a8"},
]
"pathspec 0.10.2" = [
    {url = "https://pypi.tuna.tsinghua.edu.cn/packages/42/79/94b21d5fabb97749ca94590315abe150a750483c87add8543781bcb6cd26/pathspec-0.10.2-py3-none-any.whl", hash = "sha256:88c2606f2c1e818b978540f73ecc908e13999c6c3a383daf3705652ae79807a5"},
    {url = "https://pypi.tuna.tsinghua.edu.cn/packages/a2/29/959c72e1a6c3c25eaa46b9bfcc7fd401f65af83163d4796af09272c83c8a/pathspec-0.10.2.tar.gz", hash = "sha256:8f6bf73e5758fd365ef5d58ce09ac7c27d2833a8d7da51712eac6e27e35141b0"},
]
"platformdirs 2.5.4" = [
    {url = "https://pypi.tuna.tsinghua.edu.cn/packages/61/e0/15ba41c6716acb033c3793be3a02f26c53914ecd9bdd6b315001f8f5f581/platformdirs-2.5.4-py3-none-any.whl", hash = "sha256:af0276409f9a02373d540bf8480021a048711d572745aef4b7842dad245eba10"},
    {url = "https://pypi.tuna.tsinghua.edu.cn/packages/cb/5f/dda8451435f17ed8043eab5ffe04e47d703debe8fe845eb074f42260e50a/platformdirs-2.5.4.tar.gz", hash = "sha256:1006647646d80f16130f052404c6b901e80ee4ed6bef6792e1f238a8969106f7"},
]
"playwright 1.28.0" = [
    {url = "https://pypi.tuna.tsinghua.edu.cn/packages/19/f1/3b3893a9617313d4d8862e73e8a1df6fd037b601801e1637b6df5ae82e03/playwright-1.28.0-py3-none-macosx_10_13_x86_64.whl", hash = "sha256:2e101b17e4d5252ef96c9dc8b2ac17f2980dde0420728c1c96a77eeaf6f9b11f"},
    {url = "https://pypi.tuna.tsinghua.edu.cn/packages/28/d7/6bd5eab53c76b356e3ec477abee9c2fd1785056f48042afb6f595a38049a/playwright-1.28.0-py3-none-manylinux1_x86_64.whl", hash = "sha256:96a2d63954098233bbfc48b874f2a8e7cf0c64d7fcae24469571b0fb90ebe00f"},
    {url = "https://pypi.tuna.tsinghua.edu.cn/packages/8a/67/0f3a1aeb99aa56c4862a9aaae0f9ceab8728b5981a365d6aadfddc581d13/playwright-1.28.0-py3-none-win32.whl", hash = "sha256:8557d92718ce45814aff017fa1774ab92089e40b6c16a8073d5a7c4d583d4aed"},
    {url = "https://pypi.tuna.tsinghua.edu.cn/packages/97/35/28f880594a6e0b89475e21073b83ab374e522ab1fbf86849585ecc4a4e19/playwright-1.28.0-py3-none-macosx_11_0_universal2.whl", hash = "sha256:a21ddd7b6f6afd434a73471f7cd39673286f0ca88b62b756d90264eb7b5a7daf"},
    {url = "https://pypi.tuna.tsinghua.edu.cn/packages/a3/dc/8559bfbd188064c97af56fd2403c87e6f282b44f3ba8b884cae6bcc50ede/playwright-1.28.0-py3-none-win_amd64.whl", hash = "sha256:794b9da616c03354a12e48ddf060a9e776ab59b90662b0131ff74ec1b25739f4"},
    {url = "https://pypi.tuna.tsinghua.edu.cn/packages/a4/09/e458e22170e6b59a57464d5d38dd8d107b08a1c1fc7ca36f965420ebf299/playwright-1.28.0-py3-none-macosx_11_0_arm64.whl", hash = "sha256:265f47aaa42c7986316100f5f468f8654e9a1609c2a2578743e25d058bddc1e6"},
    {url = "https://pypi.tuna.tsinghua.edu.cn/packages/af/cc/7788f74375cfb981d8fd3c349a4a6fc785b3d856abe33485e53c07c751fd/playwright-1.28.0-py3-none-manylinux_2_17_aarch64.manylinux2014_aarch64.whl", hash = "sha256:074f73c17971f233903949492f31113bfbc2f1e2e85da7c1c03a15e5008b529f"},
]
"pycodestyle 2.9.1" = [
    {url = "https://pypi.tuna.tsinghua.edu.cn/packages/67/e4/fc77f1039c34b3612c4867b69cbb2b8a4e569720b1f19b0637002ee03aff/pycodestyle-2.9.1-py2.py3-none-any.whl", hash = "sha256:d1735fc58b418fd7c5f658d28d943854f8a849b01a5d0a1e6f3f3fdd0166804b"},
    {url = "https://pypi.tuna.tsinghua.edu.cn/packages/b6/83/5bcaedba1f47200f0665ceb07bcb00e2be123192742ee0edfb66b600e5fd/pycodestyle-2.9.1.tar.gz", hash = "sha256:2c9607871d58c76354b697b42f5d57e1ada7d261c261efac224b664affdc5785"},
]
"pyee 9.0.4" = [
    {url = "https://pypi.tuna.tsinghua.edu.cn/packages/99/d0/32803671d5d9dc032c766ad6c0716db98fa9b2c6ad9ec544f04849e9d3c7/pyee-9.0.4.tar.gz", hash = "sha256:2770c4928abc721f46b705e6a72b0c59480c4a69c9a83ca0b00bb994f1ea4b32"},
    {url = "https://pypi.tuna.tsinghua.edu.cn/packages/c7/54/10695d113f03688d79d24bbd7eca30b0e386cbc6d2743ffb68dcae131bf6/pyee-9.0.4-py2.py3-none-any.whl", hash = "sha256:9f066570130c554e9cc12de5a9d86f57c7ee47fece163bbdaa3e9c933cfbdfa5"},
]
"pyflakes 2.5.0" = [
    {url = "https://pypi.tuna.tsinghua.edu.cn/packages/07/92/f0cb5381f752e89a598dd2850941e7f570ac3cb8ea4a344854de486db152/pyflakes-2.5.0.tar.gz", hash = "sha256:491feb020dca48ccc562a8c0cbe8df07ee13078df59813b83959cbdada312ea3"},
    {url = "https://pypi.tuna.tsinghua.edu.cn/packages/dc/13/63178f59f74e53acc2165aee4b002619a3cfa7eeaeac989a9eb41edf364e/pyflakes-2.5.0-py2.py3-none-any.whl", hash = "sha256:4579f67d887f804e67edb544428f264b7b24f435b263c4614f384135cea553d2"},
]
"pygments 2.13.0" = [
    {url = "https://pypi.tuna.tsinghua.edu.cn/packages/4f/82/672cd382e5b39ab1cd422a672382f08a1fb3d08d9e0c0f3707f33a52063b/Pygments-2.13.0-py3-none-any.whl", hash = "sha256:f643f331ab57ba3c9d89212ee4a2dabc6e94f117cf4eefde99a0574720d14c42"},
    {url = "https://pypi.tuna.tsinghua.edu.cn/packages/e0/ef/5905cd3642f2337d44143529c941cc3a02e5af16f0f65f81cbef7af452bb/Pygments-2.13.0.tar.gz", hash = "sha256:56a8508ae95f98e2b9bdf93a6be5ae3f7d8af858b43e02c5a2ff083726be40c1"},
]
"statv 0.3.2" = [
    {url = "https://pypi.tuna.tsinghua.edu.cn/packages/17/94/90af52fbb882f7d5a86f75b8f151fabb3540a01b592d5c12646b55712266/statv-0.3.2-py3-none-any.whl", hash = "sha256:32e430b21ab6a62695c67ab6cae3dba6e01e9c3fdbc9344e3236ad7a1f51d0c7"},
    {url = "https://pypi.tuna.tsinghua.edu.cn/packages/eb/34/55f3fde006d8d6c1f8d2422856360a9fde6a3f81dcd79f9203cfeac5b9dc/statv-0.3.2.tar.gz", hash = "sha256:fb4df2a37bf7a792e36a6e657c74cbdef9e2cdb8de3a0762b28b35c9e13f0fdd"},
]
"tomli 2.0.1" = [
    {url = "https://pypi.tuna.tsinghua.edu.cn/packages/97/75/10a9ebee3fd790d20926a90a2547f0bf78f371b2f13aa822c759680ca7b9/tomli-2.0.1-py3-none-any.whl", hash = "sha256:939de3e7a6161af0c887ef91b7d41a53e7c5a1ca976325f429cb46ea9bc30ecc"},
    {url = "https://pypi.tuna.tsinghua.edu.cn/packages/c0/3f/d7af728f075fb08564c5949a9c95e44352e23dee646869fa104a3b2060a3/tomli-2.0.1.tar.gz", hash = "sha256:de526c12914f0c550d15924c62d72abc48d6fe7364aa87328337a31007fe8a4f"},
]
"typing-extensions 4.4.0" = [
    {url = "https://pypi.tuna.tsinghua.edu.cn/packages/0b/8e/f1a0a5a76cfef77e1eb6004cb49e5f8d72634da638420b9ea492ce8305e8/typing_extensions-4.4.0-py3-none-any.whl", hash = "sha256:16fa4864408f655d35ec496218b85f79b3437c829e93320c7c9215ccfd92489e"},
    {url = "https://pypi.tuna.tsinghua.edu.cn/packages/e3/a7/8f4e456ef0adac43f452efc2d0e4b242ab831297f1bac60ac815d37eb9cf/typing_extensions-4.4.0.tar.gz", hash = "sha256:1511434bb92bf8dd198c12b1cc812e800d4181cfcb867674e0f8279cc93087aa"},
]
"uc-micro-py 1.0.1" = [
    {url = "https://pypi.tuna.tsinghua.edu.cn/packages/14/0e/738dbd15b1afe372d0d788e1e2112cfa67c9cf9e1c777360eaf9cd429caf/uc_micro_py-1.0.1-py3-none-any.whl", hash = "sha256:316cfb8b6862a0f1d03540f0ae6e7b033ff1fa0ddbe60c12cbe0d4cec846a69f"},
    {url = "https://pypi.tuna.tsinghua.edu.cn/packages/8d/01/865815288cb9b2cd2e7181bbe17fe55e4e3d30f29f28efcef2be4247e6a0/uc-micro-py-1.0.1.tar.gz", hash = "sha256:b7cdf4ea79433043ddfe2c82210208f26f7962c0cfbe3bacb05ee879a7fdb596"},
]
"win32-setctime 1.1.0" = [
    {url = "https://pypi.tuna.tsinghua.edu.cn/packages/0a/e6/a7d828fef907843b2a5773ebff47fb79ac0c1c88d60c0ca9530ee941e248/win32_setctime-1.1.0-py3-none-any.whl", hash = "sha256:231db239e959c2fe7eb1d7dc129f11172354f98361c4fa2d6d2d7e278baa8aad"},
    {url = "https://pypi.tuna.tsinghua.edu.cn/packages/6b/dd/f95a13d2b235a28d613ba23ebad55191514550debb968b46aab99f2e3a30/win32_setctime-1.1.0.tar.gz", hash = "sha256:15cf5750465118d6929ae4de4eb46e8edae9a5634350c01ba582df868e932cb2"},
]
